// !$*UTF8*$!
{
	archiveVersion = 1;
	classes = {
	};
	objectVersion = 46;
	objects = {

/* Begin PBXBuildFile section */
		849BA6951BE51DC5001B3CE5 /* TLDList.swift in Sources */ = {isa = PBXBuildFile; fileRef = 849BA6931BE51DC5001B3CE5 /* TLDList.swift */; };
		84BC13D61EB50A8D0078533E /* main.swift in Sources */ = {isa = PBXBuildFile; fileRef = 93285BFB1BC2F80B00E9B88D /* main.swift */; };
		84F0224F1F2F2013004C42B6 /* CommandLine.swift in Sources */ = {isa = PBXBuildFile; fileRef = 84F0224D1F2F1FCA004C42B6 /* CommandLine.swift */; };
		84F022501F2F2013004C42B6 /* Option.swift in Sources */ = {isa = PBXBuildFile; fileRef = 84F0224E1F2F1FCA004C42B6 /* Option.swift */; };
		84F022511F2F2013004C42B6 /* StringExtensions.swift in Sources */ = {isa = PBXBuildFile; fileRef = 84F0224C1F2F1FCA004C42B6 /* StringExtensions.swift */; };
		93285C011BC2F85D00E9B88D /* MoveOperation.swift in Sources */ = {isa = PBXBuildFile; fileRef = 93B904E01AEFFEEC00BCD362 /* MoveOperation.swift */; };
		93285C021BC2F86000E9B88D /* FileOperation.swift in Sources */ = {isa = PBXBuildFile; fileRef = 93B904E11AEFFEEC00BCD362 /* FileOperation.swift */; };
		93285C031BC2F86300E9B88D /* MakeDirectoriesOperation.swift in Sources */ = {isa = PBXBuildFile; fileRef = 93B904E21AEFFEEC00BCD362 /* MakeDirectoriesOperation.swift */; };
		93285C041BC2F86F00E9B88D /* AttributeExtractor.m in Sources */ = {isa = PBXBuildFile; fileRef = 93B904DD1AEFFEB500BCD362 /* AttributeExtractor.m */; };
		9375B81A1BC2FEF000C0FD2F /* SortManager.swift in Sources */ = {isa = PBXBuildFile; fileRef = 93B904D81AEFFB5D00BCD362 /* SortManager.swift */; };
/* End PBXBuildFile section */

/* Begin PBXCopyFilesBuildPhase section */
		93285BF71BC2F80B00E9B88D /* CopyFiles */ = {
			isa = PBXCopyFilesBuildPhase;
			buildActionMask = 2147483647;
			dstPath = /usr/share/man/man1/;
			dstSubfolderSpec = 0;
			files = (
			);
			runOnlyForDeploymentPostprocessing = 1;
		};
/* End PBXCopyFilesBuildPhase section */

/* Begin PBXFileReference section */
		849BA6931BE51DC5001B3CE5 /* TLDList.swift */ = {isa = PBXFileReference; fileEncoding = 4; lastKnownFileType = sourcecode.swift; path = TLDList.swift; sourceTree = "<group>"; };
		84F0224B1F2F1F23004C42B6 /* BuildScripts */ = {isa = PBXFileReference; lastKnownFileType = folder; path = BuildScripts; sourceTree = "<group>"; };
		84F0224C1F2F1FCA004C42B6 /* StringExtensions.swift */ = {isa = PBXFileReference; lastKnownFileType = sourcecode.swift; name = StringExtensions.swift; path = Dependencies/CommandLine/StringExtensions.swift; sourceTree = SOURCE_ROOT; };
		84F0224D1F2F1FCA004C42B6 /* CommandLine.swift */ = {isa = PBXFileReference; lastKnownFileType = sourcecode.swift; name = CommandLine.swift; path = Dependencies/CommandLine/CommandLine.swift; sourceTree = SOURCE_ROOT; };
		84F0224E1F2F1FCA004C42B6 /* Option.swift */ = {isa = PBXFileReference; lastKnownFileType = sourcecode.swift; name = Option.swift; path = Dependencies/CommandLine/Option.swift; sourceTree = SOURCE_ROOT; };
		93285BF91BC2F80B00E9B88D /* downloadSorter */ = {isa = PBXFileReference; explicitFileType = "compiled.mach-o.executable"; includeInIndex = 0; path = downloadSorter; sourceTree = BUILT_PRODUCTS_DIR; };
		93285BFB1BC2F80B00E9B88D /* main.swift */ = {isa = PBXFileReference; lastKnownFileType = sourcecode.swift; path = main.swift; sourceTree = "<group>"; };
		9375B8221BC3055300C0FD2F /* DownloadSorter-Bridging-Header.h */ = {isa = PBXFileReference; fileEncoding = 4; lastKnownFileType = sourcecode.c.h; path = "DownloadSorter-Bridging-Header.h"; sourceTree = "<group>"; };
		93B904C81AEFFB2100BCD362 /* DownloadSorter.xctest */ = {isa = PBXFileReference; explicitFileType = wrapper.cfbundle; includeInIndex = 0; path = DownloadSorter.xctest; sourceTree = BUILT_PRODUCTS_DIR; };
		93B904D81AEFFB5D00BCD362 /* SortManager.swift */ = {isa = PBXFileReference; fileEncoding = 4; lastKnownFileType = sourcecode.swift; path = SortManager.swift; sourceTree = "<group>"; };
		93B904DC1AEFFEB500BCD362 /* AttributeExtractor.h */ = {isa = PBXFileReference; fileEncoding = 4; lastKnownFileType = sourcecode.c.h; path = AttributeExtractor.h; sourceTree = "<group>"; };
		93B904DD1AEFFEB500BCD362 /* AttributeExtractor.m */ = {isa = PBXFileReference; fileEncoding = 4; lastKnownFileType = sourcecode.c.objc; path = AttributeExtractor.m; sourceTree = "<group>"; };
		93B904E01AEFFEEC00BCD362 /* MoveOperation.swift */ = {isa = PBXFileReference; fileEncoding = 4; lastKnownFileType = sourcecode.swift; path = MoveOperation.swift; sourceTree = "<group>"; };
		93B904E11AEFFEEC00BCD362 /* FileOperation.swift */ = {isa = PBXFileReference; fileEncoding = 4; lastKnownFileType = sourcecode.swift; path = FileOperation.swift; sourceTree = "<group>"; };
		93B904E21AEFFEEC00BCD362 /* MakeDirectoriesOperation.swift */ = {isa = PBXFileReference; fileEncoding = 4; lastKnownFileType = sourcecode.swift; path = MakeDirectoriesOperation.swift; sourceTree = "<group>"; };
/* End PBXFileReference section */

/* Begin PBXFrameworksBuildPhase section */
		93285BF61BC2F80B00E9B88D /* Frameworks */ = {
			isa = PBXFrameworksBuildPhase;
			buildActionMask = 2147483647;
			files = (
			);
			runOnlyForDeploymentPostprocessing = 0;
		};
		93B904C51AEFFB2100BCD362 /* Frameworks */ = {
			isa = PBXFrameworksBuildPhase;
			buildActionMask = 2147483647;
			files = (
			);
			runOnlyForDeploymentPostprocessing = 0;
		};
/* End PBXFrameworksBuildPhase section */

/* Begin PBXGroup section */
		84BC13D71EB50AA30078533E /* CommandLineSwift */ = {
			isa = PBXGroup;
			children = (
				84F0224D1F2F1FCA004C42B6 /* CommandLine.swift */,
				84F0224E1F2F1FCA004C42B6 /* Option.swift */,
				84F0224C1F2F1FCA004C42B6 /* StringExtensions.swift */,
			);
			path = CommandLineSwift;
			sourceTree = "<group>";
		};
		84F022521F2F212E004C42B6 /* Supporting Files */ = {
			isa = PBXGroup;
			children = (
				9375B8221BC3055300C0FD2F /* DownloadSorter-Bridging-Header.h */,
			);
			path = "Supporting Files";
			sourceTree = "<group>";
		};
		84F022531F2F213B004C42B6 /* Utils */ = {
			isa = PBXGroup;
			children = (
				93B904DC1AEFFEB500BCD362 /* AttributeExtractor.h */,
				93B904DD1AEFFEB500BCD362 /* AttributeExtractor.m */,
				849BA6931BE51DC5001B3CE5 /* TLDList.swift */,
			);
			path = Utils;
			sourceTree = "<group>";
		};
		93285BFA1BC2F80B00E9B88D /* downloadSorterCLI */ = {
			isa = PBXGroup;
			children = (
				84F022531F2F213B004C42B6 /* Utils */,
				84F022521F2F212E004C42B6 /* Supporting Files */,
				93B904DF1AEFFEDC00BCD362 /* FileOperations */,
				93B904D81AEFFB5D00BCD362 /* SortManager.swift */,
				93285BFB1BC2F80B00E9B88D /* main.swift */,
			);
			path = downloadSorterCLI;
			sourceTree = "<group>";
		};
		93B904AD1AEFFB2100BCD362 = {
			isa = PBXGroup;
			children = (
				84F0224B1F2F1F23004C42B6 /* BuildScripts */,
				84BC13D71EB50AA30078533E /* CommandLineSwift */,
				93B904B71AEFFB2100BCD362 /* Products */,
				93285BFA1BC2F80B00E9B88D /* downloadSorterCLI */,
			);
			indentWidth = 2;
			sourceTree = "<group>";
			tabWidth = 2;
		};
		93B904B71AEFFB2100BCD362 /* Products */ = {
			isa = PBXGroup;
			children = (
				93B904C81AEFFB2100BCD362 /* DownloadSorter.xctest */,
				93285BF91BC2F80B00E9B88D /* downloadSorter */,
			);
			name = Products;
			sourceTree = "<group>";
		};
		93B904DF1AEFFEDC00BCD362 /* FileOperations */ = {
			isa = PBXGroup;
			children = (
				93B904E11AEFFEEC00BCD362 /* FileOperation.swift */,
				93B904E21AEFFEEC00BCD362 /* MakeDirectoriesOperation.swift */,
				93B904E01AEFFEEC00BCD362 /* MoveOperation.swift */,
			);
			path = FileOperations;
			sourceTree = "<group>";
		};
/* End PBXGroup section */

/* Begin PBXNativeTarget section */
		93285BF81BC2F80B00E9B88D /* downloadSorter */ = {
			isa = PBXNativeTarget;
			buildConfigurationList = 93285BFF1BC2F80B00E9B88D /* Build configuration list for PBXNativeTarget "downloadSorter" */;
			buildPhases = (
				84BC13D91EB50B1F0078533E /* PreCompile */,
				93285BF51BC2F80B00E9B88D /* Sources */,
				93285BF61BC2F80B00E9B88D /* Frameworks */,
				93285BF71BC2F80B00E9B88D /* CopyFiles */,
			);
			buildRules = (
			);
			dependencies = (
			);
			name = downloadSorter;
			productName = downloadSorter;
			productReference = 93285BF91BC2F80B00E9B88D /* downloadSorter */;
			productType = "com.apple.product-type.tool";
		};
		93B904C71AEFFB2100BCD362 /* DownloadSorterTests */ = {
			isa = PBXNativeTarget;
			buildConfigurationList = 93B904D51AEFFB2100BCD362 /* Build configuration list for PBXNativeTarget "DownloadSorterTests" */;
			buildPhases = (
				93B904C41AEFFB2100BCD362 /* Sources */,
				93B904C51AEFFB2100BCD362 /* Frameworks */,
				93B904C61AEFFB2100BCD362 /* Resources */,
			);
			buildRules = (
			);
			dependencies = (
			);
			name = DownloadSorterTests;
			productName = DownloadSorterGUITests;
			productReference = 93B904C81AEFFB2100BCD362 /* DownloadSorter.xctest */;
			productType = "com.apple.product-type.bundle.unit-test";
		};
/* End PBXNativeTarget section */

/* Begin PBXProject section */
		93B904AE1AEFFB2100BCD362 /* Project object */ = {
			isa = PBXProject;
			attributes = {
				LastSwiftMigration = 0700;
				LastSwiftUpdateCheck = 0700;
				LastUpgradeCheck = 0900;
				ORGANIZATIONNAME = "Number 42";
				TargetAttributes = {
					93285BF81BC2F80B00E9B88D = {
						CreatedOnToolsVersion = 7.0.1;
						LastSwiftMigration = 0900;
					};
					93B904C71AEFFB2100BCD362 = {
						CreatedOnToolsVersion = 6.3.1;
						LastSwiftMigration = 0830;
						TestTargetID = 93B904B51AEFFB2100BCD362;
					};
				};
			};
			buildConfigurationList = 93B904B11AEFFB2100BCD362 /* Build configuration list for PBXProject "DownloadSorter" */;
			compatibilityVersion = "Xcode 3.2";
			developmentRegion = English;
			hasScannedForEncodings = 0;
			knownRegions = (
				en,
				Base,
			);
			mainGroup = 93B904AD1AEFFB2100BCD362;
			productRefGroup = 93B904B71AEFFB2100BCD362 /* Products */;
			projectDirPath = "";
			projectRoot = "";
			targets = (
				93285BF81BC2F80B00E9B88D /* downloadSorter */,
				93B904C71AEFFB2100BCD362 /* DownloadSorterTests */,
			);
		};
/* End PBXProject section */

/* Begin PBXResourcesBuildPhase section */
		93B904C61AEFFB2100BCD362 /* Resources */ = {
			isa = PBXResourcesBuildPhase;
			buildActionMask = 2147483647;
			files = (
			);
			runOnlyForDeploymentPostprocessing = 0;
		};
/* End PBXResourcesBuildPhase section */

/* Begin PBXShellScriptBuildPhase section */
		84BC13D91EB50B1F0078533E /* PreCompile */ = {
			isa = PBXShellScriptBuildPhase;
			buildActionMask = 2147483647;
			files = (
			);
			inputPaths = (
			);
			name = PreCompile;
			outputPaths = (
			);
			runOnlyForDeploymentPostprocessing = 0;
			shellPath = /bin/sh;
			shellScript = "sh \"${SRCROOT}/BuildScripts/Phases/CLIPreCompile.sh\"";
		};
/* End PBXShellScriptBuildPhase section */

/* Begin PBXSourcesBuildPhase section */
		93285BF51BC2F80B00E9B88D /* Sources */ = {
			isa = PBXSourcesBuildPhase;
			buildActionMask = 2147483647;
			files = (
				93285C011BC2F85D00E9B88D /* MoveOperation.swift in Sources */,
				93285C031BC2F86300E9B88D /* MakeDirectoriesOperation.swift in Sources */,
				84F022511F2F2013004C42B6 /* StringExtensions.swift in Sources */,
				93285C021BC2F86000E9B88D /* FileOperation.swift in Sources */,
				84F0224F1F2F2013004C42B6 /* CommandLine.swift in Sources */,
				9375B81A1BC2FEF000C0FD2F /* SortManager.swift in Sources */,
				84BC13D61EB50A8D0078533E /* main.swift in Sources */,
				849BA6951BE51DC5001B3CE5 /* TLDList.swift in Sources */,
				84F022501F2F2013004C42B6 /* Option.swift in Sources */,
				93285C041BC2F86F00E9B88D /* AttributeExtractor.m in Sources */,
			);
			runOnlyForDeploymentPostprocessing = 0;
		};
		93B904C41AEFFB2100BCD362 /* Sources */ = {
			isa = PBXSourcesBuildPhase;
			buildActionMask = 2147483647;
			files = (
			);
			runOnlyForDeploymentPostprocessing = 0;
		};
/* End PBXSourcesBuildPhase section */

/* Begin XCBuildConfiguration section */
		93285BFD1BC2F80B00E9B88D /* Debug */ = {
			isa = XCBuildConfiguration;
			buildSettings = {
				ENABLE_TESTABILITY = YES;
				PRODUCT_NAME = "$(TARGET_NAME)";
				SWIFT_OBJC_BRIDGING_HEADER = "downloadSorterCLI/DownloadSorter-Bridging-Header.h";
				SWIFT_SWIFT3_OBJC_INFERENCE = Default;
				SWIFT_VERSION = 4.0;
			};
			name = Debug;
		};
		93285BFE1BC2F80B00E9B88D /* Release */ = {
			isa = XCBuildConfiguration;
			buildSettings = {
				PRODUCT_NAME = "$(TARGET_NAME)";
				SWIFT_OBJC_BRIDGING_HEADER = "downloadSorterCLI/DownloadSorter-Bridging-Header.h";
				SWIFT_SWIFT3_OBJC_INFERENCE = Default;
				SWIFT_VERSION = 4.0;
			};
			name = Release;
		};
		93B904D01AEFFB2100BCD362 /* Debug */ = {
			isa = XCBuildConfiguration;
			buildSettings = {
				ALWAYS_SEARCH_USER_PATHS = NO;
				CLANG_CXX_LANGUAGE_STANDARD = "gnu++0x";
				CLANG_CXX_LIBRARY = "libc++";
				CLANG_ENABLE_MODULES = YES;
				CLANG_ENABLE_OBJC_ARC = YES;
				CLANG_WARN_BLOCK_CAPTURE_AUTORELEASING = YES;
				CLANG_WARN_BOOL_CONVERSION = YES;
				CLANG_WARN_COMMA = YES;
				CLANG_WARN_CONSTANT_CONVERSION = YES;
				CLANG_WARN_DIRECT_OBJC_ISA_USAGE = YES_ERROR;
				CLANG_WARN_EMPTY_BODY = YES;
				CLANG_WARN_ENUM_CONVERSION = YES;
				CLANG_WARN_INFINITE_RECURSION = YES;
				CLANG_WARN_INT_CONVERSION = YES;
				CLANG_WARN_NON_LITERAL_NULL_CONVERSION = YES;
				CLANG_WARN_OBJC_LITERAL_CONVERSION = YES;
				CLANG_WARN_OBJC_ROOT_CLASS = YES_ERROR;
				CLANG_WARN_RANGE_LOOP_ANALYSIS = YES;
				CLANG_WARN_STRICT_PROTOTYPES = YES;
				CLANG_WARN_SUSPICIOUS_MOVE = YES;
				CLANG_WARN_UNREACHABLE_CODE = YES;
				CLANG_WARN__DUPLICATE_METHOD_MATCH = YES;
				CODE_SIGN_IDENTITY = "-";
				COPY_PHASE_STRIP = NO;
				DEBUG_INFORMATION_FORMAT = dwarf;
				ENABLE_STRICT_OBJC_MSGSEND = YES;
				ENABLE_TESTABILITY = YES;
				GCC_C_LANGUAGE_STANDARD = gnu99;
				GCC_DYNAMIC_NO_PIC = NO;
				GCC_NO_COMMON_BLOCKS = YES;
				GCC_OPTIMIZATION_LEVEL = 0;
				GCC_PREPROCESSOR_DEFINITIONS = (
					"DEBUG=1",
					"$(inherited)",
				);
				GCC_SYMBOLS_PRIVATE_EXTERN = NO;
				GCC_WARN_64_TO_32_BIT_CONVERSION = YES;
				GCC_WARN_ABOUT_RETURN_TYPE = YES_ERROR;
				GCC_WARN_UNDECLARED_SELECTOR = YES;
				GCC_WARN_UNINITIALIZED_AUTOS = YES_AGGRESSIVE;
				GCC_WARN_UNUSED_FUNCTION = YES;
				GCC_WARN_UNUSED_VARIABLE = YES;
				MACOSX_DEPLOYMENT_TARGET = 10.10;
				MTL_ENABLE_DEBUG_INFO = YES;
				ONLY_ACTIVE_ARCH = YES;
				SDKROOT = macosx;
				SWIFT_OPTIMIZATION_LEVEL = "-Onone";
			};
			name = Debug;
		};
		93B904D11AEFFB2100BCD362 /* Release */ = {
			isa = XCBuildConfiguration;
			buildSettings = {
				ALWAYS_SEARCH_USER_PATHS = NO;
				CLANG_CXX_LANGUAGE_STANDARD = "gnu++0x";
				CLANG_CXX_LIBRARY = "libc++";
				CLANG_ENABLE_MODULES = YES;
				CLANG_ENABLE_OBJC_ARC = YES;
				CLANG_WARN_BLOCK_CAPTURE_AUTORELEASING = YES;
				CLANG_WARN_BOOL_CONVERSION = YES;
				CLANG_WARN_COMMA = YES;
				CLANG_WARN_CONSTANT_CONVERSION = YES;
				CLANG_WARN_DIRECT_OBJC_ISA_USAGE = YES_ERROR;
				CLANG_WARN_EMPTY_BODY = YES;
				CLANG_WARN_ENUM_CONVERSION = YES;
				CLANG_WARN_INFINITE_RECURSION = YES;
				CLANG_WARN_INT_CONVERSION = YES;
				CLANG_WARN_NON_LITERAL_NULL_CONVERSION = YES;
				CLANG_WARN_OBJC_LITERAL_CONVERSION = YES;
				CLANG_WARN_OBJC_ROOT_CLASS = YES_ERROR;
				CLANG_WARN_RANGE_LOOP_ANALYSIS = YES;
				CLANG_WARN_STRICT_PROTOTYPES = YES;
				CLANG_WARN_SUSPICIOUS_MOVE = YES;
				CLANG_WARN_UNREACHABLE_CODE = YES;
				CLANG_WARN__DUPLICATE_METHOD_MATCH = YES;
				CODE_SIGN_IDENTITY = "-";
				COPY_PHASE_STRIP = NO;
				DEBUG_INFORMATION_FORMAT = "dwarf-with-dsym";
				ENABLE_NS_ASSERTIONS = NO;
				ENABLE_STRICT_OBJC_MSGSEND = YES;
				GCC_C_LANGUAGE_STANDARD = gnu99;
				GCC_NO_COMMON_BLOCKS = YES;
				GCC_WARN_64_TO_32_BIT_CONVERSION = YES;
				GCC_WARN_ABOUT_RETURN_TYPE = YES_ERROR;
				GCC_WARN_UNDECLARED_SELECTOR = YES;
				GCC_WARN_UNINITIALIZED_AUTOS = YES_AGGRESSIVE;
				GCC_WARN_UNUSED_FUNCTION = YES;
				GCC_WARN_UNUSED_VARIABLE = YES;
				MACOSX_DEPLOYMENT_TARGET = 10.10;
				MTL_ENABLE_DEBUG_INFO = NO;
				SDKROOT = macosx;
				SWIFT_OPTIMIZATION_LEVEL = "-Owholemodule";
			};
			name = Release;
		};
		93B904D61AEFFB2100BCD362 /* Debug */ = {
			isa = XCBuildConfiguration;
			buildSettings = {
				BUNDLE_LOADER = "$(TEST_HOST)";
				COMBINE_HIDPI_IMAGES = YES;
				FRAMEWORK_SEARCH_PATHS = (
					"$(DEVELOPER_FRAMEWORKS_DIR)",
					"$(inherited)",
				);
				GCC_PREPROCESSOR_DEFINITIONS = (
					"DEBUG=1",
					"$(inherited)",
				);
				INFOPLIST_FILE = DownloadSorterGUITests/Info.plist;
				LD_RUNPATH_SEARCH_PATHS = "$(inherited) @executable_path/../Frameworks @loader_path/../Frameworks";
				PRODUCT_BUNDLE_IDENTIFIER = "number42.$(PRODUCT_NAME:rfc1034identifier)";
				PRODUCT_NAME = DownloadSorter;
				SWIFT_VERSION = 3.0;
				TEST_HOST = "$(BUILT_PRODUCTS_DIR)/DownloadSorter.app/Contents/MacOS/DownloadSorter";
			};
			name = Debug;
		};
		93B904D71AEFFB2100BCD362 /* Release */ = {
			isa = XCBuildConfiguration;
			buildSettings = {
				BUNDLE_LOADER = "$(TEST_HOST)";
				COMBINE_HIDPI_IMAGES = YES;
				FRAMEWORK_SEARCH_PATHS = (
					"$(DEVELOPER_FRAMEWORKS_DIR)",
					"$(inherited)",
				);
				INFOPLIST_FILE = DownloadSorterGUITests/Info.plist;
				LD_RUNPATH_SEARCH_PATHS = "$(inherited) @executable_path/../Frameworks @loader_path/../Frameworks";
				PRODUCT_BUNDLE_IDENTIFIER = "number42.$(PRODUCT_NAME:rfc1034identifier)";
				PRODUCT_NAME = DownloadSorter;
				SWIFT_VERSION = 3.0;
				TEST_HOST = "$(BUILT_PRODUCTS_DIR)/DownloadSorter.app/Contents/MacOS/DownloadSorter";
			};
			name = Release;
		};
/* End XCBuildConfiguration section */

/* Begin XCConfigurationList section */
		93285BFF1BC2F80B00E9B88D /* Build configuration list for PBXNativeTarget "downloadSorter" */ = {
			isa = XCConfigurationList;
			buildConfigurations = (
				93285BFD1BC2F80B00E9B88D /* Debug */,
				93285BFE1BC2F80B00E9B88D /* Release */,
			);
			defaultConfigurationIsVisible = 0;
			defaultConfigurationName = Release;
		};
		93B904B11AEFFB2100BCD362 /* Build configuration list for PBXProject "DownloadSorter" */ = {
			isa = XCConfigurationList;
			buildConfigurations = (
				93B904D01AEFFB2100BCD362 /* Debug */,
				93B904D11AEFFB2100BCD362 /* Release */,
			);
			defaultConfigurationIsVisible = 0;
			defaultConfigurationName = Release;
		};
		93B904D51AEFFB2100BCD362 /* Build configuration list for PBXNativeTarget "DownloadSorterTests" */ = {
			isa = XCConfigurationList;
			buildConfigurations = (
				93B904D61AEFFB2100BCD362 /* Debug */,
				93B904D71AEFFB2100BCD362 /* Release */,
			);
			defaultConfigurationIsVisible = 0;
			defaultConfigurationName = Release;
		};
/* End XCConfigurationList section */
	};
	rootObject = 93B904AE1AEFFB2100BCD362 /* Project object */;
}
